
Microsoft Visual Studio Solution File, Format Version 10.00
# Visual Studio 2008
Project("{8BC9CEB8-8B4A-11D0-8D11-00A0C91BC942}") = "KBFilter.WNET", "KBFilter\KBFilter.WNET.vcproj", "{341EA3CA-8A57-4AB4-BF54-FBB274EAB56A}"
EndProject
Global
	GlobalSection(SolutionConfigurationPlatforms) = preSolution
		WNET checked (PREfast)|Win32 = WNET checked (PREfast)|Win32
		WNET checked|Win32 = WNET checked|Win32
		WNET free|Win32 = WNET free|Win32
		WNET2K checked (PREfast)|Win32 = WNET2K checked (PREfast)|Win32
		WNET2K checked|Win32 = WNET2K checked|Win32
		WNET2K free|Win32 = WNET2K free|Win32
		WNETXP checked (PREfast)|Win32 = WNETXP checked (PREfast)|Win32
		WNETXP checked|Win32 = WNETXP checked|Win32
		WNETXP free|Win32 = WNETXP free|Win32
	EndGlobalSection
	GlobalSection(ProjectConfigurationPlatforms) = postSolution
		{341EA3CA-8A57-4AB4-BF54-FBB274EAB56A}.WNET checked (PREfast)|Win32.ActiveCfg = WNET checked (PREfast)|Win32
		{341EA3CA-8A57-4AB4-BF54-FBB274EAB56A}.WNET checked (PREfast)|Win32.Build.0 = WNET checked (PREfast)|Win32
		{341EA3CA-8A57-4AB4-BF54-FBB274EAB56A}.WNET checked (PREfast)|Win32.Deploy.0 = WNET checked (PREfast)|Win32
		{341EA3CA-8A57-4AB4-BF54-FBB274EAB56A}.WNET checked|Win32.ActiveCfg = WNET checked|Win32
		{341EA3CA-8A57-4AB4-BF54-FBB274EAB56A}.WNET checked|Win32.Build.0 = WNET checked|Win32
		{341EA3CA-8A57-4AB4-BF54-FBB274EAB56A}.WNET checked|Win32.Deploy.0 = WNET checked|Win32
		{341EA3CA-8A57-4AB4-BF54-FBB274EAB56A}.WNET free|Win32.ActiveCfg = WNET free|Win32
		{341EA3CA-8A57-4AB4-BF54-FBB274EAB56A}.WNET free|Win32.Build.0 = WNET free|Win32
		{341EA3CA-8A57-4AB4-BF54-FBB274EAB56A}.WNET free|Win32.Deploy.0 = WNET free|Win32
		{341EA3CA-8A57-4AB4-BF54-FBB274EAB56A}.WNET2K checked (PREfast)|Win32.ActiveCfg = WNET2K checked (PREfast)|Win32
		{341EA3CA-8A57-4AB4-BF54-FBB274EAB56A}.WNET2K checked (PREfast)|Win32.Build.0 = WNET2K checked (PREfast)|Win32
		{341EA3CA-8A57-4AB4-BF54-FBB274EAB56A}.WNET2K checked (PREfast)|Win32.Deploy.0 = WNET2K checked (PREfast)|Win32
		{341EA3CA-8A57-4AB4-BF54-FBB274EAB56A}.WNET2K checked|Win32.ActiveCfg = WNET2K checked|Win32
		{341EA3CA-8A57-4AB4-BF54-FBB274EAB56A}.WNET2K checked|Win32.Build.0 = WNET2K checked|Win32
		{341EA3CA-8A57-4AB4-BF54-FBB274EAB56A}.WNET2K checked|Win32.Deploy.0 = WNET2K checked|Win32
		{341EA3CA-8A57-4AB4-BF54-FBB274EAB56A}.WNET2K free|Win32.ActiveCfg = WNET2K free|Win32
		{341EA3CA-8A57-4AB4-BF54-FBB274EAB56A}.WNET2K free|Win32.Build.0 = WNET2K free|Win32
		{341EA3CA-8A57-4AB4-BF54-FBB274EAB56A}.WNET2K free|Win32.Deploy.0 = WNET2K free|Win32
		{341EA3CA-8A57-4AB4-BF54-FBB274EAB56A}.WNETXP checked (PREfast)|Win32.ActiveCfg = WNETXP checked (PREfast)|Win32
		{341EA3CA-8A57-4AB4-BF54-FBB274EAB56A}.WNETXP checked (PREfast)|Win32.Build.0 = WNETXP checked (PREfast)|Win32
		{341EA3CA-8A57-4AB4-BF54-FBB274EAB56A}.WNETXP checked (PREfast)|Win32.Deploy.0 = WNETXP checked (PREfast)|Win32
		{341EA3CA-8A57-4AB4-BF54-FBB274EAB56A}.WNETXP checked|Win32.ActiveCfg = WNETXP checked|Win32
		{341EA3CA-8A57-4AB4-BF54-FBB274EAB56A}.WNETXP checked|Win32.Build.0 = WNETXP checked|Win32
		{341EA3CA-8A57-4AB4-BF54-FBB274EAB56A}.WNETXP checked|Win32.Deploy.0 = WNETXP checked|Win32
		{341EA3CA-8A57-4AB4-BF54-FBB274EAB56A}.WNETXP free|Win32.ActiveCfg = WNETXP free|Win32
		{341EA3CA-8A57-4AB4-BF54-FBB274EAB56A}.WNETXP free|Win32.Build.0 = WNETXP free|Win32
		{341EA3CA-8A57-4AB4-BF54-FBB274EAB56A}.WNETXP free|Win32.Deploy.0 = WNETXP free|Win32
	EndGlobalSection
	GlobalSection(SolutionProperties) = preSolution
		HideSolutionNode = FALSE
	EndGlobalSection
EndGlobal
